lockfileVersion: 5.4

specifiers:
  acorn: ^8.8.0
  acorn-walk: ^8.2.0
  clean-css: ^5.3.1
  parse5: ^7.0.0
  prettier: ^2.7.1

dependencies:
  acorn: 8.8.0
  acorn-walk: 8.2.0
  clean-css: 5.3.1
  parse5: 7.0.0
  prettier: 2.7.1

packages:

  /acorn-walk/8.2.0:
    resolution: {integrity: sha512-k+iyHEuPgSw6SbuDpGQM+06HQUa04DZ3o+F6CSzXMvvI5KMvnaEqXe+YVe555R9nn6GPt404fos4wcgpw12SDA==}
    engines: {node: '>=0.4.0'}
    dev: false

  /acorn/8.8.0:
    resolution: {integrity: sha512-QOxyigPVrpZ2GXT+PFyZTl6TtOFc5egxHIP9IlQ+RbupQuX4RkT/Bee4/kQuC02Xkzg84JcT7oLYtDIQxp+v7w==}
    engines: {node: '>=0.4.0'}
    hasBin: true
    dev: false

  /clean-css/5.3.1:
    resolution: {integrity: sha512-lCr8OHhiWCTw4v8POJovCoh4T7I9U11yVsPjMWWnnMmp9ZowCxyad1Pathle/9HjaDp+fdQKjO9fQydE6RHTZg==}
    engines: {node: '>= 10.0'}
    dependencies:
      source-map: 0.6.1
    dev: false

  /entities/4.3.1:
    resolution: {integrity: sha512-o4q/dYJlmyjP2zfnaWDUC6A3BQFmVTX+tZPezK7k0GLSU9QYCauscf5Y+qcEPzKL+EixVouYDgLQK5H9GrLpkg==}
    engines: {node: '>=0.12'}
    dev: false

  /parse5/7.0.0:
    resolution: {integrity: sha512-y/t8IXSPWTuRZqXc0ajH/UwDj4mnqLEbSttNbThcFhGrZuOyoyvNBO85PBp2jQa55wY9d07PBNjsK8ZP3K5U6g==}
    dependencies:
      entities: 4.3.1
    dev: false

  /prettier/2.7.1:
    resolution: {integrity: sha512-ujppO+MkdPqoVINuDFDRLClm7D78qbDt0/NR+wp5FqEZOoTNAjPHWj17QRhu7geIHJfcNhRk1XVQmF8Bp3ye+g==}
    engines: {node: '>=10.13.0'}
    hasBin: true
    dev: false

  /source-map/0.6.1:
    resolution: {integrity: sha512-UjgapumWlbMhkBgzT7Ykc5YXUT46F0iKu8SGXq0bcwP5dz/h0Plj6enJqjz1Zbq2l5WaqYnrVbwWOWMyF3F47g==}
    engines: {node: '>=0.10.0'}
    dev: false
